PODS:
  - R.swift (7.3.2)
  - SwiftLint (0.54.0)

DEPENDENCIES:
  - R.swift (~> 7.3)
  - SwiftLint (~> 0.50)

SPEC REPOS:
  trunk:
    - R.swift
    - SwiftLint

SPEC CHECKSUMS:
  R.swift: 0af0d882f49f03711415cb4e5215daa977d8a480
  SwiftLint: c1de071d9d08c8aba837545f6254315bc900e211

PODFILE CHECKSUM: e41fb33433c16b95a1471ee086943107c14f3a65

COCOAPODS: 1.15.2
